Microsoft Visual Studio Solution File, Format Version 12.00
# Visual Studio Version 17
VisualStudioVersion = 17.5.2.0
MinimumVisualStudioVersion = 10.0.40219.1
Project("{FAE04EC0-301F-11D3-BF4B-00C04F79EFBC}") = "DassetiInvestmentAPI", "DassetiInvestmentAPI.csproj", "{489978F8-9C25-1186-40E1-014F969044A3}"
EndProject
Global
	GlobalSection(SolutionConfigurationPlatforms) = preSolution
		Debug|Any CPU = Debug|Any CPU
		Release|Any CPU = Release|Any CPU
	EndGlobalSection
	GlobalSection(ProjectConfigurationPlatforms) = postSolution
		{489978F8-9C25-1186-40E1-014F969044A3}.Debug|Any CPU.ActiveCfg = Debug|Any CPU
		{489978F8-9C25-1186-40E1-014F969044A3}.Debug|Any CPU.Build.0 = Debug|Any CPU
		{489978F8-9C25-1186-40E1-014F969044A3}.Release|Any CPU.ActiveCfg = Release|Any CPU
		{489978F8-9C25-1186-40E1-014F969044A3}.Release|Any CPU.Build.0 = Release|Any CPU
	EndGlobalSection
	GlobalSection(SolutionProperties) = preSolution
		HideSolutionNode = FALSE
	EndGlobalSection
	GlobalSection(ExtensibilityGlobals) = postSolution
		SolutionGuid = {301B1E66-865B-42C9-974D-FC06BF13C2C9}
	EndGlobalSection
EndGlobal
